
Microsoft Visual Studio Solution File, Format Version 12.00
# Visual Studio 2012
Project("{8BC9CEB8-8B4A-11D0-8D11-00A0C91BC942}") = "分词", "分词\分词.vcxproj", "{AF8AB92D-2057-43F1-A906-374DA7FC9FEC}"
EndProject
Global
	GlobalSection(SolutionConfigurationPlatforms) = preSolution
		Debug|Win32 = Debug|Win32
		Release|Win32 = Release|Win32
	EndGlobalSection
	GlobalSection(ProjectConfigurationPlatforms) = postSolution
		{AF8AB92D-2057-43F1-A906-374DA7FC9FEC}.Debug|Win32.ActiveCfg = Debug|Win32
		{AF8AB92D-2057-43F1-A906-374DA7FC9FEC}.Debug|Win32.Build.0 = Debug|Win32
		{AF8AB92D-2057-43F1-A906-374DA7FC9FEC}.Release|Win32.ActiveCfg = Release|Win32
		{AF8AB92D-2057-43F1-A906-374DA7FC9FEC}.Release|Win32.Build.0 = Release|Win32
	EndGlobalSection
	GlobalSection(SolutionProperties) = preSolution
		HideSolutionNode = FALSE
	EndGlobalSection
EndGlobal
